// !$*UTF8*$!
{
	archiveVersion = 1;
	classes = {
	};
	objectVersion = 55;
	objects = {

/* Begin PBXBuildFile section */
		7354069C27AC6F6C004CCACC /* ARMeasureApp.swift in Sources */ = {isa = PBXBuildFile; fileRef = 7354069B27AC6F6C004CCACC /* ARMeasureApp.swift */; };
		7354069E27AC6F6C004CCACC /* ContentView.swift in Sources */ = {isa = PBXBuildFile; fileRef = 7354069D27AC6F6C004CCACC /* ContentView.swift */; };
		735406A027AC6F6F004CCACC /* Assets.xcassets in Resources */ = {isa = PBXBuildFile; fileRef = 7354069F27AC6F6F004CCACC /* Assets.xcassets */; };
		735406A327AC6F6F004CCACC /* Preview Assets.xcassets in Resources */ = {isa = PBXBuildFile; fileRef = 735406A227AC6F6F004CCACC /* Preview Assets.xcassets */; };
		735406AD27AC6F6F004CCACC /* ARMeasureTests.swift in Sources */ = {isa = PBXBuildFile; fileRef = 735406AC27AC6F6F004CCACC /* ARMeasureTests.swift */; };
		735406B727AC6F6F004CCACC /* ARMeasureUITests.swift in Sources */ = {isa = PBXBuildFile; fileRef = 735406B627AC6F6F004CCACC /* ARMeasureUITests.swift */; };
		735406B927AC6F6F004CCACC /* ARMeasureUITestsLaunchTests.swift in Sources */ = {isa = PBXBuildFile; fileRef = 735406B827AC6F6F004CCACC /* ARMeasureUITestsLaunchTests.swift */; };
		735406C627AC6F87004CCACC /* ViewController.swift in Sources */ = {isa = PBXBuildFile; fileRef = 735406C527AC6F87004CCACC /* ViewController.swift */; };
/* End PBXBuildFile section */

/* Begin PBXContainerItemProxy section */
		735406A927AC6F6F004CCACC /* PBXContainerItemProxy */ = {
			isa = PBXContainerItemProxy;
			containerPortal = 7354069027AC6F6C004CCACC /* Project object */;
			proxyType = 1;
			remoteGlobalIDString = 7354069727AC6F6C004CCACC;
			remoteInfo = ARMeasure;
		};
		735406B327AC6F6F004CCACC /* PBXContainerItemProxy */ = {
			isa = PBXContainerItemProxy;
			containerPortal = 7354069027AC6F6C004CCACC /* Project object */;
			proxyType = 1;
			remoteGlobalIDString = 7354069727AC6F6C004CCACC;
			remoteInfo = ARMeasure;
		};
/* End PBXContainerItemProxy section */

/* Begin PBXFileReference section */
		7354069827AC6F6C004CCACC /* ARMeasure.app */ = {isa = PBXFileReference; explicitFileType = wrapper.application; includeInIndex = 0; path = ARMeasure.app; sourceTree = BUILT_PRODUCTS_DIR; };
		7354069B27AC6F6C004CCACC /* ARMeasureApp.swift */ = {isa = PBXFileReference; lastKnownFileType = sourcecode.swift; path = ARMeasureApp.swift; sourceTree = "<group>"; };
		7354069D27AC6F6C004CCACC /* ContentView.swift */ = {isa = PBXFileReference; lastKnownFileType = sourcecode.swift; path = ContentView.swift; sourceTree = "<group>"; };
		7354069F27AC6F6F004CCACC /* Assets.xcassets */ = {isa = PBXFileReference; lastKnownFileType = folder.assetcatalog; path = Assets.xcassets; sourceTree = "<group>"; };
		735406A227AC6F6F004CCACC /* Preview Assets.xcassets */ = {isa = PBXFileReference; lastKnownFileType = folder.assetcatalog; path = "Preview Assets.xcassets"; sourceTree = "<group>"; };
		735406A827AC6F6F004CCACC /* ARMeasureTests.xctest */ = {isa = PBXFileReference; explicitFileType = wrapper.cfbundle; includeInIndex = 0; path = ARMeasureTests.xctest; sourceTree = BUILT_PRODUCTS_DIR; };
		735406AC27AC6F6F004CCACC /* ARMeasureTests.swift */ = {isa = PBXFileReference; lastKnownFileType = sourcecode.swift; path = ARMeasureTests.swift; sourceTree = "<group>"; };
		735406B227AC6F6F004CCACC /* ARMeasureUITests.xctest */ = {isa = PBXFileReference; explicitFileType = wrapper.cfbundle; includeInIndex = 0; path = ARMeasureUITests.xctest; sourceTree = BUILT_PRODUCTS_DIR; };
		735406B627AC6F6F004CCACC /* ARMeasureUITests.swift */ = {isa = PBXFileReference; lastKnownFileType = sourcecode.swift; path = ARMeasureUITests.swift; sourceTree = "<group>"; };
		735406B827AC6F6F004CCACC /* ARMeasureUITestsLaunchTests.swift */ = {isa = PBXFileReference; lastKnownFileType = sourcecode.swift; path = ARMeasureUITestsLaunchTests.swift; sourceTree = "<group>"; };
		735406C527AC6F87004CCACC /* ViewController.swift */ = {isa = PBXFileReference; fileEncoding = 4; lastKnownFileType = sourcecode.swift; path = ViewController.swift; sourceTree = "<group>"; };
/* End PBXFileReference section */

/* Begin PBXFrameworksBuildPhase section */
		7354069527AC6F6C004CCACC /* Frameworks */ = {
			isa = PBXFrameworksBuildPhase;
			buildActionMask = 2147483647;
			files = (
			);
			runOnlyForDeploymentPostprocessing = 0;
		};
		735406A527AC6F6F004CCACC /* Frameworks */ = {
			isa = PBXFrameworksBuildPhase;
			buildActionMask = 2147483647;
			files = (
			);
			runOnlyForDeploymentPostprocessing = 0;
		};
		735406AF27AC6F6F004CCACC /* Frameworks */ = {
			isa = PBXFrameworksBuildPhase;
			buildActionMask = 2147483647;
			files = (
			);
			runOnlyForDeploymentPostprocessing = 0;
		};
/* End PBXFrameworksBuildPhase section */

/* Begin PBXGroup section */
		7354068F27AC6F6C004CCACC = {
			isa = PBXGroup;
			children = (
				7354069A27AC6F6C004CCACC /* ARMeasure */,
				735406AB27AC6F6F004CCACC /* ARMeasureTests */,
				735406B527AC6F6F004CCACC /* ARMeasureUITests */,
				7354069927AC6F6C004CCACC /* Products */,
			);
			sourceTree = "<group>";
		};
		7354069927AC6F6C004CCACC /* Products */ = {
			isa = PBXGroup;
			children = (
				7354069827AC6F6C004CCACC /* ARMeasure.app */,
				735406A827AC6F6F004CCACC /* ARMeasureTests.xctest */,
				735406B227AC6F6F004CCACC /* ARMeasureUITests.xctest */,
			);
			name = Products;
			sourceTree = "<group>";
		};
		7354069A27AC6F6C004CCACC /* ARMeasure */ = {
			isa = PBXGroup;
			children = (
				7354069B27AC6F6C004CCACC /* ARMeasureApp.swift */,
				7354069D27AC6F6C004CCACC /* ContentView.swift */,
				735406C527AC6F87004CCACC /* ViewController.swift */,
				7354069F27AC6F6F004CCACC /* Assets.xcassets */,
				735406A127AC6F6F004CCACC /* Preview Content */,
			);
			path = ARMeasure;
			sourceTree = "<group>";
		};
		735406A127AC6F6F004CCACC /* Preview Content */ = {
			isa = PBXGroup;
			children = (
				735406A227AC6F6F004CCACC /* Preview Assets.xcassets */,
			);
			path = "Preview Content";
			sourceTree = "<group>";
		};
		735406AB27AC6F6F004CCACC /* ARMeasureTests */ = {
			isa = PBXGroup;
			children = (
				735406AC27AC6F6F004CCACC /* ARMeasureTests.swift */,
			);
			path = ARMeasureTests;
			sourceTree = "<group>";
		};
		735406B527AC6F6F004CCACC /* ARMeasureUITests */ = {
			isa = PBXGroup;
			children = (
				735406B627AC6F6F004CCACC /* ARMeasureUITests.swift */,
				735406B827AC6F6F004CCACC /* ARMeasureUITestsLaunchTests.swift */,
			);
			path = ARMeasureUITests;
			sourceTree = "<group>";
		};
/* End PBXGroup section */

/* Begin PBXNativeTarget section */
		7354069727AC6F6C004CCACC /* ARMeasure */ = {
			isa = PBXNativeTarget;
			buildConfigurationList = 735406BC27AC6F6F004CCACC /* Build configuration list for PBXNativeTarget "ARMeasure" */;
			buildPhases = (
				7354069427AC6F6C004CCACC /* Sources */,
				7354069527AC6F6C004CCACC /* Frameworks */,
				7354069627AC6F6C004CCACC /* Resources */,
			);
			buildRules = (
			);
			dependencies = (
			);
			name = ARMeasure;
			productName = ARMeasure;
			productReference = 7354069827AC6F6C004CCACC /* ARMeasure.app */;
			productType = "com.apple.product-type.application";
		};
		735406A727AC6F6F004CCACC /* ARMeasureTests */ = {
			isa = PBXNativeTarget;
			buildConfigurationList = 735406BF27AC6F6F004CCACC /* Build configuration list for PBXNativeTarget "ARMeasureTests" */;
			buildPhases = (
				735406A427AC6F6F004CCACC /* Sources */,
				735406A527AC6F6F004CCACC /* Frameworks */,
				735406A627AC6F6F004CCACC /* Resources */,
			);
			buildRules = (
			);
			dependencies = (
				735406AA27AC6F6F004CCACC /* PBXTargetDependency */,
			);
			name = ARMeasureTests;
			productName = ARMeasureTests;
			productReference = 735406A827AC6F6F004CCACC /* ARMeasureTests.xctest */;
			productType = "com.apple.product-type.bundle.unit-test";
		};
		735406B127AC6F6F004CCACC /* ARMeasureUITests */ = {
			isa = PBXNativeTarget;
			buildConfigurationList = 735406C227AC6F6F004CCACC /* Build configuration list for PBXNativeTarget "ARMeasureUITests" */;
			buildPhases = (
				735406AE27AC6F6F004CCACC /* Sources */,
				735406AF27AC6F6F004CCACC /* Frameworks */,
				735406B027AC6F6F004CCACC /* Resources */,
			);
			buildRules = (
			);
			dependencies = (
				735406B427AC6F6F004CCACC /* PBXTargetDependency */,
			);
			name = ARMeasureUITests;
			productName = ARMeasureUITests;
			productReference = 735406B227AC6F6F004CCACC /* ARMeasureUITests.xctest */;
			productType = "com.apple.product-type.bundle.ui-testing";
		};
/* End PBXNativeTarget section */

/* Begin PBXProject section */
		7354069027AC6F6C004CCACC /* Project object */ = {
			isa = PBXProject;
			attributes = {
				BuildIndependentTargetsInParallel = 1;
				LastSwiftUpdateCheck = 1320;
				LastUpgradeCheck = 1320;
				TargetAttributes = {
					7354069727AC6F6C004CCACC = {
						CreatedOnToolsVersion = 13.2.1;
					};
					735406A727AC6F6F004CCACC = {
						CreatedOnToolsVersion = 13.2.1;
						TestTargetID = 7354069727AC6F6C004CCACC;
					};
					735406B127AC6F6F004CCACC = {
						CreatedOnToolsVersion = 13.2.1;
						TestTargetID = 7354069727AC6F6C004CCACC;
					};
				};
			};
			buildConfigurationList = 7354069327AC6F6C004CCACC /* Build configuration list for PBXProject "ARMeasure" */;
			compatibilityVersion = "Xcode 13.0";
			developmentRegion = en;
			hasScannedForEncodings = 0;
			knownRegions = (
				en,
				Base,
			);
			mainGroup = 7354068F27AC6F6C004CCACC;
			productRefGroup = 7354069927AC6F6C004CCACC /* Products */;
			projectDirPath = "";
			projectRoot = "";
			targets = (
				7354069727AC6F6C004CCACC /* ARMeasure */,
				735406A727AC6F6F004CCACC /* ARMeasureTests */,
				735406B127AC6F6F004CCACC /* ARMeasureUITests */,
			);
		};
/* End PBXProject section */

/* Begin PBXResourcesBuildPhase section */
		7354069627AC6F6C004CCACC /* Resources */ = {
			isa = PBXResourcesBuildPhase;
			buildActionMask = 2147483647;
			files = (
				735406A327AC6F6F004CCACC /* Preview Assets.xcassets in Resources */,
				735406A027AC6F6F004CCACC /* Assets.xcassets in Resources */,
			);
			runOnlyForDeploymentPostprocessing = 0;
		};
		735406A627AC6F6F004CCACC /* Resources */ = {
			isa = PBXResourcesBuildPhase;
			buildActionMask = 2147483647;
			files = (
			);
			runOnlyForDeploymentPostprocessing = 0;
		};
		735406B027AC6F6F004CCACC /* Resources */ = {
			isa = PBXResourcesBuildPhase;
			buildActionMask = 2147483647;
			files = (
			);
			runOnlyForDeploymentPostprocessing = 0;
		};
/* End PBXResourcesBuildPhase section */

/* Begin PBXSourcesBuildPhase section */
		7354069427AC6F6C004CCACC /* Sources */ = {
			isa = PBXSourcesBuildPhase;
			buildActionMask = 2147483647;
			files = (
				7354069E27AC6F6C004CCACC /* ContentView.swift in Sources */,
				735406C627AC6F87004CCACC /* ViewController.swift in Sources */,
				7354069C27AC6F6C004CCACC /* ARMeasureApp.swift in Sources */,
			);
			runOnlyForDeploymentPostprocessing = 0;
		};
		735406A427AC6F6F004CCACC /* Sources */ = {
			isa = PBXSourcesBuildPhase;
			buildActionMask = 2147483647;
			files = (
				735406AD27AC6F6F004CCACC /* ARMeasureTests.swift in Sources */,
			);
			runOnlyForDeploymentPostprocessing = 0;
		};
		735406AE27AC6F6F004CCACC /* Sources */ = {
			isa = PBXSourcesBuildPhase;
			buildActionMask = 2147483647;
			files = (
				735406B927AC6F6F004CCACC /* ARMeasureUITestsLaunchTests.swift in Sources */,
				735406B727AC6F6F004CCACC /* ARMeasureUITests.swift in Sources */,
			);
			runOnlyForDeploymentPostprocessing = 0;
		};
/* End PBXSourcesBuildPhase section */

/* Begin PBXTargetDependency section */
		735406AA27AC6F6F004CCACC /* PBXTargetDependency */ = {
			isa = PBXTargetDependency;
			target = 7354069727AC6F6C004CCACC /* ARMeasure */;
			targetProxy = 735406A927AC6F6F004CCACC /* PBXContainerItemProxy */;
		};
		735406B427AC6F6F004CCACC /* PBXTargetDependency */ = {
			isa = PBXTargetDependency;
			target = 7354069727AC6F6C004CCACC /* ARMeasure */;
			targetProxy = 735406B327AC6F6F004CCACC /* PBXContainerItemProxy */;
		};
/* End PBXTargetDependency section */

/* Begin XCBuildConfiguration section */
		735406BA27AC6F6F004CCACC /* Debug */ = {
			isa = XCBuildConfiguration;
			buildSettings = {
				ALWAYS_SEARCH_USER_PATHS = NO;
				CLANG_ANALYZER_NONNULL = YES;
				CLANG_ANALYZER_NUMBER_OBJECT_CONVERSION = YES_AGGRESSIVE;
				CLANG_CXX_LANGUAGE_STANDARD = "gnu++17";
				CLANG_CXX_LIBRARY = "libc++";
				CLANG_ENABLE_MODULES = YES;
				CLANG_ENABLE_OBJC_ARC = YES;
				CLANG_ENABLE_OBJC_WEAK = YES;
				CLANG_WARN_BLOCK_CAPTURE_AUTORELEASING = YES;
				CLANG_WARN_BOOL_CONVERSION = YES;
				CLANG_WARN_COMMA = YES;
				CLANG_WARN_CONSTANT_CONVERSION = YES;
				CLANG_WARN_DEPRECATED_OBJC_IMPLEMENTATIONS = YES;
				CLANG_WARN_DIRECT_OBJC_ISA_USAGE = YES_ERROR;
				CLANG_WARN_DOCUMENTATION_COMMENTS = YES;
				CLANG_WARN_EMPTY_BODY = YES;
				CLANG_WARN_ENUM_CONVERSION = YES;
				CLANG_WARN_INFINITE_RECURSION = YES;
				CLANG_WARN_INT_CONVERSION = YES;
				CLANG_WARN_NON_LITERAL_NULL_CONVERSION = YES;
				CLANG_WARN_OBJC_IMPLICIT_RETAIN_SELF = YES;
				CLANG_WARN_OBJC_LITERAL_CONVERSION = YES;
				CLANG_WARN_OBJC_ROOT_CLASS = YES_ERROR;
				CLANG_WARN_QUOTED_INCLUDE_IN_FRAMEWORK_HEADER = YES;
				CLANG_WARN_RANGE_LOOP_ANALYSIS = YES;
				CLANG_WARN_STRICT_PROTOTYPES = YES;
				CLANG_WARN_SUSPICIOUS_MOVE = YES;
				CLANG_WARN_UNGUARDED_AVAILABILITY = YES_AGGRESSIVE;
				CLANG_WARN_UNREACHABLE_CODE = YES;
				CLANG_WARN__DUPLICATE_METHOD_MATCH = YES;
				COPY_PHASE_STRIP = NO;
				DEBUG_INFORMATION_FORMAT = dwarf;
				ENABLE_STRICT_OBJC_MSGSEND = YES;
				ENABLE_TESTABILITY = YES;
				GCC_C_LANGUAGE_STANDARD = gnu11;
				GCC_DYNAMIC_NO_PIC = NO;
				GCC_NO_COMMON_BLOCKS = YES;
				GCC_OPTIMIZATION_LEVEL = 0;
				GCC_PREPROCESSOR_DEFINITIONS = (
					"DEBUG=1",
					"$(inherited)",
				);
				GCC_WARN_64_TO_32_BIT_CONVERSION = YES;
				GCC_WARN_ABOUT_RETURN_TYPE = YES_ERROR;
				GCC_WARN_UNDECLARED_SELECTOR = YES;
				GCC_WARN_UNINITIALIZED_AUTOS = YES_AGGRESSIVE;
				GCC_WARN_UNUSED_FUNCTION = YES;
				GCC_WARN_UNUSED_VARIABLE = YES;
				IPHONEOS_DEPLOYMENT_TARGET = 15.2;
				MTL_ENABLE_DEBUG_INFO = INCLUDE_SOURCE;
				MTL_FAST_MATH = YES;
				ONLY_ACTIVE_ARCH = YES;
				SDKROOT = iphoneos;
				SWIFT_ACTIVE_COMPILATION_CONDITIONS = DEBUG;
				SWIFT_OPTIMIZATION_LEVEL = "-Onone";
			};
			name = Debug;
		};
		735406BB27AC6F6F004CCACC /* Release */ = {
			isa = XCBuildConfiguration;
			buildSettings = {
				ALWAYS_SEARCH_USER_PATHS = NO;
				CLANG_ANALYZER_NONNULL = YES;
				CLANG_ANALYZER_NUMBER_OBJECT_CONVERSION = YES_AGGRESSIVE;
				CLANG_CXX_LANGUAGE_STANDARD = "gnu++17";
				CLANG_CXX_LIBRARY = "libc++";
				CLANG_ENABLE_MODULES = YES;
				CLANG_ENABLE_OBJC_ARC = YES;
				CLANG_ENABLE_OBJC_WEAK = YES;
				CLANG_WARN_BLOCK_CAPTURE_AUTORELEASING = YES;
				CLANG_WARN_BOOL_CONVERSION = YES;
				CLANG_WARN_COMMA = YES;
				CLANG_WARN_CONSTANT_CONVERSION = YES;
				CLANG_WARN_DEPRECATED_OBJC_IMPLEMENTATIONS = YES;
				CLANG_WARN_DIRECT_OBJC_ISA_USAGE = YES_ERROR;
				CLANG_WARN_DOCUMENTATION_COMMENTS = YES;
				CLANG_WARN_EMPTY_BODY = YES;
				CLANG_WARN_ENUM_CONVERSION = YES;
				CLANG_WARN_INFINITE_RECURSION = YES;
				CLANG_WARN_INT_CONVERSION = YES;
				CLANG_WARN_NON_LITERAL_NULL_CONVERSION = YES;
				CLANG_WARN_OBJC_IMPLICIT_RETAIN_SELF = YES;
				CLANG_WARN_OBJC_LITERAL_CONVERSION = YES;
				CLANG_WARN_OBJC_ROOT_CLASS = YES_ERROR;
				CLANG_WARN_QUOTED_INCLUDE_IN_FRAMEWORK_HEADER = YES;
				CLANG_WARN_RANGE_LOOP_ANALYSIS = YES;
				CLANG_WARN_STRICT_PROTOTYPES = YES;
				CLANG_WARN_SUSPICIOUS_MOVE = YES;
				CLANG_WARN_UNGUARDED_AVAILABILITY = YES_AGGRESSIVE;
				CLANG_WARN_UNREACHABLE_CODE = YES;
				CLANG_WARN__DUPLICATE_METHOD_MATCH = YES;
				COPY_PHASE_STRIP = NO;
				DEBUG_INFORMATION_FORMAT = "dwarf-with-dsym";
				ENABLE_NS_ASSERTIONS = NO;
				ENABLE_STRICT_OBJC_MSGSEND = YES;
				GCC_C_LANGUAGE_STANDARD = gnu11;
				GCC_NO_COMMON_BLOCKS = YES;
				GCC_WARN_64_TO_32_BIT_CONVERSION = YES;
				GCC_WARN_ABOUT_RETURN_TYPE = YES_ERROR;
				GCC_WARN_UNDECLARED_SELECTOR = YES;
				GCC_WARN_UNINITIALIZED_AUTOS = YES_AGGRESSIVE;
				GCC_WARN_UNUSED_FUNCTION = YES;
				GCC_WARN_UNUSED_VARIABLE = YES;
				IPHONEOS_DEPLOYMENT_TARGET = 15.2;
				MTL_ENABLE_DEBUG_INFO = NO;
				MTL_FAST_MATH = YES;
				SDKROOT = iphoneos;
				SWIFT_COMPILATION_MODE = wholemodule;
				SWIFT_OPTIMIZATION_LEVEL = "-O";
				VALIDATE_PRODUCT = YES;
			};
			name = Release;
		};
		735406BD27AC6F6F004CCACC /* Debug */ = {
			isa = XCBuildConfiguration;
			buildSettings = {
				ASSETCATALOG_COMPILER_APPICON_NAME = AppIcon;
				ASSETCATALOG_COMPILER_GLOBAL_ACCENT_COLOR_NAME = AccentColor;
				CODE_SIGN_STYLE = Automatic;
				CURRENT_PROJECT_VERSION = 1;
				DEVELOPMENT_ASSET_PATHS = "\"ARMeasure/Preview Content\"";
				DEVELOPMENT_TEAM = MFN25KNUGJ;
				ENABLE_PREVIEWS = YES;
				GENERATE_INFOPLIST_FILE = YES;
				INFOPLIST_KEY_UIApplicationSceneManifest_Generation = YES;
				INFOPLIST_KEY_UIApplicationSupportsIndirectInputEvents = YES;
				INFOPLIST_KEY_UILaunchScreen_Generation = YES;
				INFOPLIST_KEY_UISupportedInterfaceOrientations_iPad = "UIInterfaceOrientationPortrait UIInterfaceOrientationPortraitUpsideDown UIInterfaceOrientationLandscapeLeft UIInterfaceOrientationLandscapeRight";
				INFOPLIST_KEY_UISupportedInterfaceOrientations_iPhone = "UIInterfaceOrientationPortrait UIInterfaceOrientationLandscapeLeft UIInterfaceOrientationLandscapeRight";
				IPHONEOS_DEPLOYMENT_TARGET = 14.0;
				LD_RUNPATH_SEARCH_PATHS = (
					"$(inherited)",
					"@executable_path/Frameworks",
				);
				MARKETING_VERSION = 1.0;
				PRODUCT_BUNDLE_IDENTIFIER = com.daisukemajima.ARMeasure;
				PRODUCT_NAME = "$(TARGET_NAME)";
				SWIFT_EMIT_LOC_STRINGS = YES;
				SWIFT_VERSION = 5.0;
				TARGETED_DEVICE_FAMILY = "1,2";
			};
			name = Debug;
		};
		735406BE27AC6F6F004CCACC /* Release */ = {
			isa = XCBuildConfiguration;
			buildSettings = {
				ASSETCATALOG_COMPILER_APPICON_NAME = AppIcon;
				ASSETCATALOG_COMPILER_GLOBAL_ACCENT_COLOR_NAME = AccentColor;
				CODE_SIGN_STYLE = Automatic;
				CURRENT_PROJECT_VERSION = 1;
				DEVELOPMENT_ASSET_PATHS = "\"ARMeasure/Preview Content\"";
				DEVELOPMENT_TEAM = MFN25KNUGJ;
				ENABLE_PREVIEWS = YES;
				GENERATE_INFOPLIST_FILE = YES;
				INFOPLIST_KEY_UIApplicationSceneManifest_Generation = YES;
				INFOPLIST_KEY_UIApplicationSupportsIndirectInputEvents = YES;
				INFOPLIST_KEY_UILaunchScreen_Generation = YES;
				INFOPLIST_KEY_UISupportedInterfaceOrientations_iPad = "UIInterfaceOrientationPortrait UIInterfaceOrientationPortraitUpsideDown UIInterfaceOrientationLandscapeLeft UIInterfaceOrientationLandscapeRight";
				INFOPLIST_KEY_UISupportedInterfaceOrientations_iPhone = "UIInterfaceOrientationPortrait UIInterfaceOrientationLandscapeLeft UIInterfaceOrientationLandscapeRight";
				IPHONEOS_DEPLOYMENT_TARGET = 14.0;
				LD_RUNPATH_SEARCH_PATHS = (
					"$(inherited)",
					"@executable_path/Frameworks",
				);
				MARKETING_VERSION = 1.0;
				PRODUCT_BUNDLE_IDENTIFIER = com.daisukemajima.ARMeasure;
				PRODUCT_NAME = "$(TARGET_NAME)";
				SWIFT_EMIT_LOC_STRINGS = YES;
				SWIFT_VERSION = 5.0;
				TARGETED_DEVICE_FAMILY = "1,2";
			};
			name = Release;
		};
		735406C027AC6F6F004CCACC /* Debug */ = {
			isa = XCBuildConfiguration;
			buildSettings = {
				ALWAYS_EMBED_SWIFT_STANDARD_LIBRARIES = YES;
				BUNDLE_LOADER = "$(TEST_HOST)";
				CODE_SIGN_STYLE = Automatic;
				CURRENT_PROJECT_VERSION = 1;
				DEVELOPMENT_TEAM = MFN25KNUGJ;
				GENERATE_INFOPLIST_FILE = YES;
				IPHONEOS_DEPLOYMENT_TARGET = 15.2;
				MARKETING_VERSION = 1.0;
				PRODUCT_BUNDLE_IDENTIFIER = com.daisukemajima.ARMeasureTests;
				PRODUCT_NAME = "$(TARGET_NAME)";
				SWIFT_EMIT_LOC_STRINGS = NO;
				SWIFT_VERSION = 5.0;
				TARGETED_DEVICE_FAMILY = "1,2";
				TEST_HOST = "$(BUILT_PRODUCTS_DIR)/ARMeasure.app/ARMeasure";
			};
			name = Debug;
		};
		735406C127AC6F6F004CCACC /* Release */ = {
			isa = XCBuildConfiguration;
			buildSettings = {
				ALWAYS_EMBED_SWIFT_STANDARD_LIBRARIES = YES;
				BUNDLE_LOADER = "$(TEST_HOST)";
				CODE_SIGN_STYLE = Automatic;
				CURRENT_PROJECT_VERSION = 1;
				DEVELOPMENT_TEAM = MFN25KNUGJ;
				GENERATE_INFOPLIST_FILE = YES;
				IPHONEOS_DEPLOYMENT_TARGET = 15.2;
				MARKETING_VERSION = 1.0;
				PRODUCT_BUNDLE_IDENTIFIER = com.daisukemajima.ARMeasureTests;
				PRODUCT_NAME = "$(TARGET_NAME)";
				SWIFT_EMIT_LOC_STRINGS = NO;
				SWIFT_VERSION = 5.0;
				TARGETED_DEVICE_FAMILY = "1,2";
				TEST_HOST = "$(BUILT_PRODUCTS_DIR)/ARMeasure.app/ARMeasure";
			};
			name = Release;
		};
		735406C327AC6F6F004CCACC /* Debug */ = {
			isa = XCBuildConfiguration;
			buildSettings = {
				ALWAYS_EMBED_SWIFT_STANDARD_LIBRARIES = YES;
				CODE_SIGN_STYLE = Automatic;
				CURRENT_PROJECT_VERSION = 1;
				DEVELOPMENT_TEAM = MFN25KNUGJ;
				GENERATE_INFOPLIST_FILE = YES;
				MARKETING_VERSION = 1.0;
				PRODUCT_BUNDLE_IDENTIFIER = com.daisukemajima.ARMeasureUITests;
				PRODUCT_NAME = "$(TARGET_NAME)";
				SWIFT_EMIT_LOC_STRINGS = NO;
				SWIFT_VERSION = 5.0;
				TARGETED_DEVICE_FAMILY = "1,2";
				TEST_TARGET_NAME = ARMeasure;
			};
			name = Debug;
		};
		735406C427AC6F6F004CCACC /* Release */ = {
			isa = XCBuildConfiguration;
			buildSettings = {
				ALWAYS_EMBED_SWIFT_STANDARD_LIBRARIES = YES;
				CODE_SIGN_STYLE = Automatic;
				CURRENT_PROJECT_VERSION = 1;
				DEVELOPMENT_TEAM = MFN25KNUGJ;
				GENERATE_INFOPLIST_FILE = YES;
				MARKETING_VERSION = 1.0;
				PRODUCT_BUNDLE_IDENTIFIER = com.daisukemajima.ARMeasureUITests;
				PRODUCT_NAME = "$(TARGET_NAME)";
				SWIFT_EMIT_LOC_STRINGS = NO;
				SWIFT_VERSION = 5.0;
				TARGETED_DEVICE_FAMILY = "1,2";
				TEST_TARGET_NAME = ARMeasure;
			};
			name = Release;
		};
/* End XCBuildConfiguration section */

/* Begin XCConfigurationList section */
		7354069327AC6F6C004CCACC /* Build configuration list for PBXProject "ARMeasure" */ = {
			isa = XCConfigurationList;
			buildConfigurations = (
				735406BA27AC6F6F004CCACC /* Debug */,
				735406BB27AC6F6F004CCACC /* Release */,
			);
			defaultConfigurationIsVisible = 0;
			defaultConfigurationName = Release;
		};
		735406BC27AC6F6F004CCACC /* Build configuration list for PBXNativeTarget "ARMeasure" */ = {
			isa = XCConfigurationList;
			buildConfigurations = (
				735406BD27AC6F6F004CCACC /* Debug */,
				735406BE27AC6F6F004CCACC /* Release */,
			);
			defaultConfigurationIsVisible = 0;
			defaultConfigurationName = Release;
		};
		735406BF27AC6F6F004CCACC /* Build configuration list for PBXNativeTarget "ARMeasureTests" */ = {
			isa = XCConfigurationList;
			buildConfigurations = (
				735406C027AC6F6F004CCACC /* Debug */,
				735406C127AC6F6F004CCACC /* Release */,
			);
			defaultConfigurationIsVisible = 0;
			defaultConfigurationName = Release;
		};
		735406C227AC6F6F004CCACC /* Build configuration list for PBXNativeTarget "ARMeasureUITests" */ = {
			isa = XCConfigurationList;
			buildConfigurations = (
				735406C327AC6F6F004CCACC /* Debug */,
				735406C427AC6F6F004CCACC /* Release */,
			);
			defaultConfigurationIsVisible = 0;
			defaultConfigurationName = Release;
		};
/* End XCConfigurationList section */
	};
	rootObject = 7354069027AC6F6C004CCACC /* Project object */;
}
